PODS:
  - Flutter (1.0.0)
  - myscript_iink (0.0.1):
    - Flutter
    - MyScriptInteractiveInk-Runtime (= 1.2.2)
  - MyScriptInteractiveInk-Runtime (1.2.2)
  - path_provider (0.0.1):
    - Flutter

DEPENDENCIES:
  - Flutter (from `.symlinks/flutter/ios`)
  - myscript_iink (from `.symlinks/plugins/myscript_iink/ios`)
  - path_provider (from `.symlinks/plugins/path_provider/ios`)

SPEC REPOS:
  https://github.com/cocoapods/specs.git:
    - MyScriptInteractiveInk-Runtime

EXTERNAL SOURCES:
  Flutter:
    :path: ".symlinks/flutter/ios"
  myscript_iink:
    :path: ".symlinks/plugins/myscript_iink/ios"
  path_provider:
    :path: ".symlinks/plugins/path_provider/ios"

SPEC CHECKSUMS:
  Flutter: 0e3d915762c693b495b44d77113d4970485de6ec
  myscript_iink: eb194716ee1dae8d53eacaa0091406d041d0aeb1
  MyScriptInteractiveInk-Runtime: a817229221180ece1b8d1253fdef98263b34a0ce
  path_provider: f96fff6166a8867510d2c25fdcc346327cc4b259

PODFILE CHECKSUM: dddf42101a5d915ea37d98d701179b83838b712f

COCOAPODS: 1.7.1
